
Microsoft Visual Studio Solution File, Format Version 12.00
# Visual Studio Version 16
VisualStudioVersion = 16.0.30413.136
MinimumVisualStudioVersion = 10.0.40219.1
Project("{FAE04EC0-301F-11D3-BF4B-00C04F79EFBC}") = "LazyLoadingAccounts", "LazyLoadingAccounts\LazyLoadingAccounts.csproj", "{0BAC4162-CFEE-451C-8347-A55F65007F45}"
EndProject
Global
	GlobalSection(SolutionConfigurationPlatforms) = preSolution
		Debug|Any CPU = Debug|Any CPU
		Release|Any CPU = Release|Any CPU
	EndGlobalSection
	GlobalSection(ProjectConfigurationPlatforms) = postSolution
		{0BAC4162-CFEE-451C-8347-A55F65007F45}.Debug|Any CPU.ActiveCfg = Debug|Any CPU
		{0BAC4162-CFEE-451C-8347-A55F65007F45}.Debug|Any CPU.Build.0 = Debug|Any CPU
		{0BAC4162-CFEE-451C-8347-A55F65007F45}.Release|Any CPU.ActiveCfg = Release|Any CPU
		{0BAC4162-CFEE-451C-8347-A55F65007F45}.Release|Any CPU.Build.0 = Release|Any CPU
	EndGlobalSection
	GlobalSection(SolutionProperties) = preSolution
		HideSolutionNode = FALSE
	EndGlobalSection
	GlobalSection(ExtensibilityGlobals) = postSolution
		SolutionGuid = {CBA26EE5-0970-49B9-9F5C-A243C34DB448}
	EndGlobalSection
EndGlobal
